// !$*UTF8*$!
{
	archiveVersion = 1;
	classes = {
	};
	objectVersion = 51;
	objects = {

/* Begin PBXBuildFile section */
		399DA47526B29BE800C5DC1A /* UserView.swift in Sources */ = {isa = PBXBuildFile; fileRef = 399DA47026B29BE800C5DC1A /* UserView.swift */; };
		399DA47626B29BE800C5DC1A /* AdminView.swift in Sources */ = {isa = PBXBuildFile; fileRef = 399DA47126B29BE800C5DC1A /* AdminView.swift */; };
		399DA47726B29BE800C5DC1A /* SignUpView.swift in Sources */ = {isa = PBXBuildFile; fileRef = 399DA47226B29BE800C5DC1A /* SignUpView.swift */; };
		399DA47826B29BE800C5DC1A /* ReservationView.swift in Sources */ = {isa = PBXBuildFile; fileRef = 399DA47326B29BE800C5DC1A /* ReservationView.swift */; };
		399DA47926B29BE800C5DC1A /* Admin_ManageView.swift in Sources */ = {isa = PBXBuildFile; fileRef = 399DA47426B29BE800C5DC1A /* Admin_ManageView.swift */; };
		39AE757926B29B4F0010D1F4 /* AppDelegate.swift in Sources */ = {isa = PBXBuildFile; fileRef = 39AE757826B29B4F0010D1F4 /* AppDelegate.swift */; };
		39AE757B26B29B4F0010D1F4 /* SceneDelegate.swift in Sources */ = {isa = PBXBuildFile; fileRef = 39AE757A26B29B4F0010D1F4 /* SceneDelegate.swift */; };
		39AE757D26B29B4F0010D1F4 /* ContentView.swift in Sources */ = {isa = PBXBuildFile; fileRef = 39AE757C26B29B4F0010D1F4 /* ContentView.swift */; };
		39AE757F26B29B500010D1F4 /* Assets.xcassets in Resources */ = {isa = PBXBuildFile; fileRef = 39AE757E26B29B500010D1F4 /* Assets.xcassets */; };
		39AE758226B29B500010D1F4 /* Preview Assets.xcassets in Resources */ = {isa = PBXBuildFile; fileRef = 39AE758126B29B500010D1F4 /* Preview Assets.xcassets */; };
		39AE758526B29B500010D1F4 /* LaunchScreen.storyboard in Resources */ = {isa = PBXBuildFile; fileRef = 39AE758326B29B500010D1F4 /* LaunchScreen.storyboard */; };
		39FDAD3026B77AFB00E99370 /* GoogleService-Info.plist in Resources */ = {isa = PBXBuildFile; fileRef = 39FDAD2F26B77AFB00E99370 /* GoogleService-Info.plist */; };
		B734FF0CC259D36FB6A8494A /* Pods_HaneulBori_Taewoo.framework in Frameworks */ = {isa = PBXBuildFile; fileRef = A831AF4BB86378279B811B0F /* Pods_HaneulBori_Taewoo.framework */; };
/* End PBXBuildFile section */

/* Begin PBXFileReference section */
		399DA47026B29BE800C5DC1A /* UserView.swift */ = {isa = PBXFileReference; fileEncoding = 4; lastKnownFileType = sourcecode.swift; path = UserView.swift; sourceTree = "<group>"; };
		399DA47126B29BE800C5DC1A /* AdminView.swift */ = {isa = PBXFileReference; fileEncoding = 4; lastKnownFileType = sourcecode.swift; path = AdminView.swift; sourceTree = "<group>"; };
		399DA47226B29BE800C5DC1A /* SignUpView.swift */ = {isa = PBXFileReference; fileEncoding = 4; lastKnownFileType = sourcecode.swift; path = SignUpView.swift; sourceTree = "<group>"; };
		399DA47326B29BE800C5DC1A /* ReservationView.swift */ = {isa = PBXFileReference; fileEncoding = 4; lastKnownFileType = sourcecode.swift; path = ReservationView.swift; sourceTree = "<group>"; };
		399DA47426B29BE800C5DC1A /* Admin_ManageView.swift */ = {isa = PBXFileReference; fileEncoding = 4; lastKnownFileType = sourcecode.swift; path = Admin_ManageView.swift; sourceTree = "<group>"; };
		39AE757526B29B4F0010D1F4 /* LAUNDRY by HB.app */ = {isa = PBXFileReference; explicitFileType = wrapper.application; includeInIndex = 0; path = "LAUNDRY by HB.app"; sourceTree = BUILT_PRODUCTS_DIR; };
		39AE757826B29B4F0010D1F4 /* AppDelegate.swift */ = {isa = PBXFileReference; lastKnownFileType = sourcecode.swift; path = AppDelegate.swift; sourceTree = "<group>"; };
		39AE757A26B29B4F0010D1F4 /* SceneDelegate.swift */ = {isa = PBXFileReference; lastKnownFileType = sourcecode.swift; path = SceneDelegate.swift; sourceTree = "<group>"; };
		39AE757C26B29B4F0010D1F4 /* ContentView.swift */ = {isa = PBXFileReference; lastKnownFileType = sourcecode.swift; path = ContentView.swift; sourceTree = "<group>"; };
		39AE757E26B29B500010D1F4 /* Assets.xcassets */ = {isa = PBXFileReference; lastKnownFileType = folder.assetcatalog; path = Assets.xcassets; sourceTree = "<group>"; };
		39AE758126B29B500010D1F4 /* Preview Assets.xcassets */ = {isa = PBXFileReference; lastKnownFileType = folder.assetcatalog; path = "Preview Assets.xcassets"; sourceTree = "<group>"; };
		39AE758426B29B500010D1F4 /* Base */ = {isa = PBXFileReference; lastKnownFileType = file.storyboard; name = Base; path = Base.lproj/LaunchScreen.storyboard; sourceTree = "<group>"; };
		39AE758626B29B500010D1F4 /* Info.plist */ = {isa = PBXFileReference; lastKnownFileType = text.plist.xml; path = Info.plist; sourceTree = "<group>"; };
		39FDAD2F26B77AFB00E99370 /* GoogleService-Info.plist */ = {isa = PBXFileReference; fileEncoding = 4; lastKnownFileType = text.plist.xml; name = "GoogleService-Info.plist"; path = "../../../../GoogleService-Info.plist"; sourceTree = "<group>"; };
		885212410DBACF5C3A287303 /* Pods-HaneulBori_Taewoo.debug.xcconfig */ = {isa = PBXFileReference; includeInIndex = 1; lastKnownFileType = text.xcconfig; name = "Pods-HaneulBori_Taewoo.debug.xcconfig"; path = "Target Support Files/Pods-HaneulBori_Taewoo/Pods-HaneulBori_Taewoo.debug.xcconfig"; sourceTree = "<group>"; };
		A831AF4BB86378279B811B0F /* Pods_HaneulBori_Taewoo.framework */ = {isa = PBXFileReference; explicitFileType = wrapper.framework; includeInIndex = 0; path = Pods_HaneulBori_Taewoo.framework; sourceTree = BUILT_PRODUCTS_DIR; };
		D66A438F1B61DBABE2EA4E91 /* Pods-HaneulBori_Taewoo.release.xcconfig */ = {isa = PBXFileReference; includeInIndex = 1; lastKnownFileType = text.xcconfig; name = "Pods-HaneulBori_Taewoo.release.xcconfig"; path = "Target Support Files/Pods-HaneulBori_Taewoo/Pods-HaneulBori_Taewoo.release.xcconfig"; sourceTree = "<group>"; };
/* End PBXFileReference section */

/* Begin PBXFrameworksBuildPhase section */
		39AE757226B29B4F0010D1F4 /* Frameworks */ = {
			isa = PBXFrameworksBuildPhase;
			buildActionMask = 2147483647;
			files = (
				B734FF0CC259D36FB6A8494A /* Pods_HaneulBori_Taewoo.framework in Frameworks */,
			);
			runOnlyForDeploymentPostprocessing = 0;
		};
/* End PBXFrameworksBuildPhase section */

/* Begin PBXGroup section */
		39AE756C26B29B4F0010D1F4 = {
			isa = PBXGroup;
			children = (
				39AE757726B29B4F0010D1F4 /* HaneulBori_Taewoo */,
				39AE757626B29B4F0010D1F4 /* Products */,
				91F38CAE6A87AC087C20BD32 /* Pods */,
				ED3BDEF46EADC49482631DE9 /* Frameworks */,
			);
			sourceTree = "<group>";
		};
		39AE757626B29B4F0010D1F4 /* Products */ = {
			isa = PBXGroup;
			children = (
				39AE757526B29B4F0010D1F4 /* LAUNDRY by HB.app */,
			);
			name = Products;
			sourceTree = "<group>";
		};
		39AE757726B29B4F0010D1F4 /* HaneulBori_Taewoo */ = {
			isa = PBXGroup;
			children = (
				39AE757E26B29B500010D1F4 /* Assets.xcassets */,
				39AE757826B29B4F0010D1F4 /* AppDelegate.swift */,
				39AE757A26B29B4F0010D1F4 /* SceneDelegate.swift */,
				39AE758326B29B500010D1F4 /* LaunchScreen.storyboard */,
				39AE757C26B29B4F0010D1F4 /* ContentView.swift */,
				399DA47226B29BE800C5DC1A /* SignUpView.swift */,
				399DA47026B29BE800C5DC1A /* UserView.swift */,
				399DA47326B29BE800C5DC1A /* ReservationView.swift */,
				399DA47426B29BE800C5DC1A /* Admin_ManageView.swift */,
				399DA47126B29BE800C5DC1A /* AdminView.swift */,
				39FDAD2F26B77AFB00E99370 /* GoogleService-Info.plist */,
				39AE758626B29B500010D1F4 /* Info.plist */,
				39AE758026B29B500010D1F4 /* Preview Content */,
			);
			path = HaneulBori_Taewoo;
			sourceTree = "<group>";
		};
		39AE758026B29B500010D1F4 /* Preview Content */ = {
			isa = PBXGroup;
			children = (
				39AE758126B29B500010D1F4 /* Preview Assets.xcassets */,
			);
			path = "Preview Content";
			sourceTree = "<group>";
		};
		91F38CAE6A87AC087C20BD32 /* Pods */ = {
			isa = PBXGroup;
			children = (
				885212410DBACF5C3A287303 /* Pods-HaneulBori_Taewoo.debug.xcconfig */,
				D66A438F1B61DBABE2EA4E91 /* Pods-HaneulBori_Taewoo.release.xcconfig */,
			);
			path = Pods;
			sourceTree = "<group>";
		};
		ED3BDEF46EADC49482631DE9 /* Frameworks */ = {
			isa = PBXGroup;
			children = (
				A831AF4BB86378279B811B0F /* Pods_HaneulBori_Taewoo.framework */,
			);
			name = Frameworks;
			sourceTree = "<group>";
		};
/* End PBXGroup section */

/* Begin PBXNativeTarget section */
		39AE757426B29B4F0010D1F4 /* HaneulBori_Taewoo */ = {
			isa = PBXNativeTarget;
			buildConfigurationList = 39AE758926B29B500010D1F4 /* Build configuration list for PBXNativeTarget "HaneulBori_Taewoo" */;
			buildPhases = (
				F54BE64F9F350ACFC17A4FE9 /* [CP] Check Pods Manifest.lock */,
				39AE757126B29B4F0010D1F4 /* Sources */,
				39AE757226B29B4F0010D1F4 /* Frameworks */,
				39AE757326B29B4F0010D1F4 /* Resources */,
				C5DE8B63EDF0F572C03A1AD9 /* [CP] Embed Pods Frameworks */,
			);
			buildRules = (
			);
			dependencies = (
			);
			name = HaneulBori_Taewoo;
			productName = HaneulBori_Taewoo;
			productReference = 39AE757526B29B4F0010D1F4 /* LAUNDRY by HB.app */;
			productType = "com.apple.product-type.application";
		};
/* End PBXNativeTarget section */

/* Begin PBXProject section */
		39AE756D26B29B4F0010D1F4 /* Project object */ = {
			isa = PBXProject;
			attributes = {
				LastSwiftUpdateCheck = 1250;
				LastUpgradeCheck = 1250;
				TargetAttributes = {
					39AE757426B29B4F0010D1F4 = {
						CreatedOnToolsVersion = 12.5.1;
					};
				};
			};
			buildConfigurationList = 39AE757026B29B4F0010D1F4 /* Build configuration list for PBXProject "HaneulBori_Taewoo" */;
			compatibilityVersion = "Xcode 9.3";
			developmentRegion = en;
			hasScannedForEncodings = 0;
			knownRegions = (
				en,
				Base,
			);
			mainGroup = 39AE756C26B29B4F0010D1F4;
			productRefGroup = 39AE757626B29B4F0010D1F4 /* Products */;
			projectDirPath = "";
			projectRoot = "";
			targets = (
				39AE757426B29B4F0010D1F4 /* HaneulBori_Taewoo */,
			);
		};
/* End PBXProject section */

/* Begin PBXResourcesBuildPhase section */
		39AE757326B29B4F0010D1F4 /* Resources */ = {
			isa = PBXResourcesBuildPhase;
			buildActionMask = 2147483647;
			files = (
				39AE758526B29B500010D1F4 /* LaunchScreen.storyboard in Resources */,
				39FDAD3026B77AFB00E99370 /* GoogleService-Info.plist in Resources */,
				39AE758226B29B500010D1F4 /* Preview Assets.xcassets in Resources */,
				39AE757F26B29B500010D1F4 /* Assets.xcassets in Resources */,
			);
			runOnlyForDeploymentPostprocessing = 0;
		};
/* End PBXResourcesBuildPhase section */

/* Begin PBXShellScriptBuildPhase section */
		C5DE8B63EDF0F572C03A1AD9 /* [CP] Embed Pods Frameworks */ = {
			isa = PBXShellScriptBuildPhase;
			buildActionMask = 2147483647;
			files = (
			);
			inputFileListPaths = (
				"${PODS_ROOT}/Target Support Files/Pods-HaneulBori_Taewoo/Pods-HaneulBori_Taewoo-frameworks-${CONFIGURATION}-input-files.xcfilelist",
			);
			name = "[CP] Embed Pods Frameworks";
			outputFileListPaths = (
				"${PODS_ROOT}/Target Support Files/Pods-HaneulBori_Taewoo/Pods-HaneulBori_Taewoo-frameworks-${CONFIGURATION}-output-files.xcfilelist",
			);
			runOnlyForDeploymentPostprocessing = 0;
			shellPath = /bin/sh;
			shellScript = "\"${PODS_ROOT}/Target Support Files/Pods-HaneulBori_Taewoo/Pods-HaneulBori_Taewoo-frameworks.sh\"\n";
			showEnvVarsInLog = 0;
		};
		F54BE64F9F350ACFC17A4FE9 /* [CP] Check Pods Manifest.lock */ = {
			isa = PBXShellScriptBuildPhase;
			buildActionMask = 2147483647;
			files = (
			);
			inputFileListPaths = (
			);
			inputPaths = (
				"${PODS_PODFILE_DIR_PATH}/Podfile.lock",
				"${PODS_ROOT}/Manifest.lock",
			);
			name = "[CP] Check Pods Manifest.lock";
			outputFileListPaths = (
			);
			outputPaths = (
				"$(DERIVED_FILE_DIR)/Pods-HaneulBori_Taewoo-checkManifestLockResult.txt",
			);
			runOnlyForDeploymentPostprocessing = 0;
			shellPath = /bin/sh;
			shellScript = "diff \"${PODS_PODFILE_DIR_PATH}/Podfile.lock\" \"${PODS_ROOT}/Manifest.lock\" > /dev/null\nif [ $? != 0 ] ; then\n    # print error to STDERR\n    echo \"error: The sandbox is not in sync with the Podfile.lock. Run 'pod install' or update your CocoaPods installation.\" >&2\n    exit 1\nfi\n# This output is used by Xcode 'outputs' to avoid re-running this script phase.\necho \"SUCCESS\" > \"${SCRIPT_OUTPUT_FILE_0}\"\n";
			showEnvVarsInLog = 0;
		};
/* End PBXShellScriptBuildPhase section */

/* Begin PBXSourcesBuildPhase section */
		39AE757126B29B4F0010D1F4 /* Sources */ = {
			isa = PBXSourcesBuildPhase;
			buildActionMask = 2147483647;
			files = (
				39AE757926B29B4F0010D1F4 /* AppDelegate.swift in Sources */,
				399DA47626B29BE800C5DC1A /* AdminView.swift in Sources */,
				399DA47826B29BE800C5DC1A /* ReservationView.swift in Sources */,
				399DA47526B29BE800C5DC1A /* UserView.swift in Sources */,
				39AE757B26B29B4F0010D1F4 /* SceneDelegate.swift in Sources */,
				399DA47926B29BE800C5DC1A /* Admin_ManageView.swift in Sources */,
				399DA47726B29BE800C5DC1A /* SignUpView.swift in Sources */,
				39AE757D26B29B4F0010D1F4 /* ContentView.swift in Sources */,
			);
			runOnlyForDeploymentPostprocessing = 0;
		};
/* End PBXSourcesBuildPhase section */

/* Begin PBXVariantGroup section */
		39AE758326B29B500010D1F4 /* LaunchScreen.storyboard */ = {
			isa = PBXVariantGroup;
			children = (
				39AE758426B29B500010D1F4 /* Base */,
			);
			name = LaunchScreen.storyboard;
			sourceTree = "<group>";
		};
/* End PBXVariantGroup section */

/* Begin XCBuildConfiguration section */
		39AE758726B29B500010D1F4 /* Debug */ = {
			isa = XCBuildConfiguration;
			buildSettings = {
				ALWAYS_SEARCH_USER_PATHS = NO;
				CLANG_ANALYZER_NONNULL = YES;
				CLANG_ANALYZER_NUMBER_OBJECT_CONVERSION = YES_AGGRESSIVE;
				CLANG_CXX_LANGUAGE_STANDARD = "gnu++14";
				CLANG_CXX_LIBRARY = "libc++";
				CLANG_ENABLE_MODULES = YES;
				CLANG_ENABLE_OBJC_ARC = YES;
				CLANG_ENABLE_OBJC_WEAK = YES;
				CLANG_WARN_BLOCK_CAPTURE_AUTORELEASING = YES;
				CLANG_WARN_BOOL_CONVERSION = YES;
				CLANG_WARN_COMMA = YES;
				CLANG_WARN_CONSTANT_CONVERSION = YES;
				CLANG_WARN_DEPRECATED_OBJC_IMPLEMENTATIONS = YES;
				CLANG_WARN_DIRECT_OBJC_ISA_USAGE = YES_ERROR;
				CLANG_WARN_DOCUMENTATION_COMMENTS = YES;
				CLANG_WARN_EMPTY_BODY = YES;
				CLANG_WARN_ENUM_CONVERSION = YES;
				CLANG_WARN_INFINITE_RECURSION = YES;
				CLANG_WARN_INT_CONVERSION = YES;
				CLANG_WARN_NON_LITERAL_NULL_CONVERSION = YES;
				CLANG_WARN_OBJC_IMPLICIT_RETAIN_SELF = YES;
				CLANG_WARN_OBJC_LITERAL_CONVERSION = YES;
				CLANG_WARN_OBJC_ROOT_CLASS = YES_ERROR;
				CLANG_WARN_QUOTED_INCLUDE_IN_FRAMEWORK_HEADER = YES;
				CLANG_WARN_RANGE_LOOP_ANALYSIS = YES;
				CLANG_WARN_STRICT_PROTOTYPES = YES;
				CLANG_WARN_SUSPICIOUS_MOVE = YES;
				CLANG_WARN_UNGUARDED_AVAILABILITY = YES_AGGRESSIVE;
				CLANG_WARN_UNREACHABLE_CODE = YES;
				CLANG_WARN__DUPLICATE_METHOD_MATCH = YES;
				COPY_PHASE_STRIP = NO;
				DEBUG_INFORMATION_FORMAT = dwarf;
				ENABLE_STRICT_OBJC_MSGSEND = YES;
				ENABLE_TESTABILITY = YES;
				GCC_C_LANGUAGE_STANDARD = gnu11;
				GCC_DYNAMIC_NO_PIC = NO;
				GCC_NO_COMMON_BLOCKS = YES;
				GCC_OPTIMIZATION_LEVEL = 0;
				GCC_PREPROCESSOR_DEFINITIONS = (
					"DEBUG=1",
					"$(inherited)",
				);
				GCC_WARN_64_TO_32_BIT_CONVERSION = YES;
				GCC_WARN_ABOUT_RETURN_TYPE = YES_ERROR;
				GCC_WARN_UNDECLARED_SELECTOR = YES;
				GCC_WARN_UNINITIALIZED_AUTOS = YES_AGGRESSIVE;
				GCC_WARN_UNUSED_FUNCTION = YES;
				GCC_WARN_UNUSED_VARIABLE = YES;
				IPHONEOS_DEPLOYMENT_TARGET = 14.5;
				MTL_ENABLE_DEBUG_INFO = INCLUDE_SOURCE;
				MTL_FAST_MATH = YES;
				ONLY_ACTIVE_ARCH = YES;
				SDKROOT = iphoneos;
				SWIFT_ACTIVE_COMPILATION_CONDITIONS = DEBUG;
				SWIFT_OPTIMIZATION_LEVEL = "-Onone";
			};
			name = Debug;
		};
		39AE758826B29B500010D1F4 /* Release */ = {
			isa = XCBuildConfiguration;
			buildSettings = {
				ALWAYS_SEARCH_USER_PATHS = NO;
				CLANG_ANALYZER_NONNULL = YES;
				CLANG_ANALYZER_NUMBER_OBJECT_CONVERSION = YES_AGGRESSIVE;
				CLANG_CXX_LANGUAGE_STANDARD = "gnu++14";
				CLANG_CXX_LIBRARY = "libc++";
				CLANG_ENABLE_MODULES = YES;
				CLANG_ENABLE_OBJC_ARC = YES;
				CLANG_ENABLE_OBJC_WEAK = YES;
				CLANG_WARN_BLOCK_CAPTURE_AUTORELEASING = YES;
				CLANG_WARN_BOOL_CONVERSION = YES;
				CLANG_WARN_COMMA = YES;
				CLANG_WARN_CONSTANT_CONVERSION = YES;
				CLANG_WARN_DEPRECATED_OBJC_IMPLEMENTATIONS = YES;
				CLANG_WARN_DIRECT_OBJC_ISA_USAGE = YES_ERROR;
				CLANG_WARN_DOCUMENTATION_COMMENTS = YES;
				CLANG_WARN_EMPTY_BODY = YES;
				CLANG_WARN_ENUM_CONVERSION = YES;
				CLANG_WARN_INFINITE_RECURSION = YES;
				CLANG_WARN_INT_CONVERSION = YES;
				CLANG_WARN_NON_LITERAL_NULL_CONVERSION = YES;
				CLANG_WARN_OBJC_IMPLICIT_RETAIN_SELF = YES;
				CLANG_WARN_OBJC_LITERAL_CONVERSION = YES;
				CLANG_WARN_OBJC_ROOT_CLASS = YES_ERROR;
				CLANG_WARN_QUOTED_INCLUDE_IN_FRAMEWORK_HEADER = YES;
				CLANG_WARN_RANGE_LOOP_ANALYSIS = YES;
				CLANG_WARN_STRICT_PROTOTYPES = YES;
				CLANG_WARN_SUSPICIOUS_MOVE = YES;
				CLANG_WARN_UNGUARDED_AVAILABILITY = YES_AGGRESSIVE;
				CLANG_WARN_UNREACHABLE_CODE = YES;
				CLANG_WARN__DUPLICATE_METHOD_MATCH = YES;
				COPY_PHASE_STRIP = NO;
				DEBUG_INFORMATION_FORMAT = "dwarf-with-dsym";
				ENABLE_NS_ASSERTIONS = NO;
				ENABLE_STRICT_OBJC_MSGSEND = YES;
				GCC_C_LANGUAGE_STANDARD = gnu11;
				GCC_NO_COMMON_BLOCKS = YES;
				GCC_WARN_64_TO_32_BIT_CONVERSION = YES;
				GCC_WARN_ABOUT_RETURN_TYPE = YES_ERROR;
				GCC_WARN_UNDECLARED_SELECTOR = YES;
				GCC_WARN_UNINITIALIZED_AUTOS = YES_AGGRESSIVE;
				GCC_WARN_UNUSED_FUNCTION = YES;
				GCC_WARN_UNUSED_VARIABLE = YES;
				IPHONEOS_DEPLOYMENT_TARGET = 14.5;
				MTL_ENABLE_DEBUG_INFO = NO;
				MTL_FAST_MATH = YES;
				SDKROOT = iphoneos;
				SWIFT_COMPILATION_MODE = wholemodule;
				SWIFT_OPTIMIZATION_LEVEL = "-O";
				VALIDATE_PRODUCT = YES;
			};
			name = Release;
		};
		39AE758A26B29B500010D1F4 /* Debug */ = {
			isa = XCBuildConfiguration;
			baseConfigurationReference = 885212410DBACF5C3A287303 /* Pods-HaneulBori_Taewoo.debug.xcconfig */;
			buildSettings = {
				ASSETCATALOG_COMPILER_APPICON_NAME = AppIcon;
				ASSETCATALOG_COMPILER_GLOBAL_ACCENT_COLOR_NAME = AccentColor;
				CODE_SIGN_STYLE = Automatic;
				DEVELOPMENT_ASSET_PATHS = "\"HaneulBori_Taewoo/Preview Content\"";
				DEVELOPMENT_TEAM = ADCRD9D3LZ;
				ENABLE_PREVIEWS = YES;
				INFOPLIST_FILE = HaneulBori_Taewoo/Info.plist;
				LD_RUNPATH_SEARCH_PATHS = (
					"$(inherited)",
					"@executable_path/Frameworks",
				);
				PRODUCT_BUNDLE_IDENTIFIER = "com.mataewoos.HaneulBori-Taewoo";
				PRODUCT_NAME = "LAUNDRY by HB";
				SWIFT_VERSION = 5.0;
				TARGETED_DEVICE_FAMILY = "1,2";
			};
			name = Debug;
		};
		39AE758B26B29B500010D1F4 /* Release */ = {
			isa = XCBuildConfiguration;
			baseConfigurationReference = D66A438F1B61DBABE2EA4E91 /* Pods-HaneulBori_Taewoo.release.xcconfig */;
			buildSettings = {
				ASSETCATALOG_COMPILER_APPICON_NAME = AppIcon;
				ASSETCATALOG_COMPILER_GLOBAL_ACCENT_COLOR_NAME = AccentColor;
				CODE_SIGN_STYLE = Automatic;
				DEVELOPMENT_ASSET_PATHS = "\"HaneulBori_Taewoo/Preview Content\"";
				DEVELOPMENT_TEAM = ADCRD9D3LZ;
				ENABLE_PREVIEWS = YES;
				INFOPLIST_FILE = HaneulBori_Taewoo/Info.plist;
				LD_RUNPATH_SEARCH_PATHS = (
					"$(inherited)",
					"@executable_path/Frameworks",
				);
				PRODUCT_BUNDLE_IDENTIFIER = "com.mataewoos.HaneulBori-Taewoo";
				PRODUCT_NAME = "LAUNDRY by HB";
				SWIFT_VERSION = 5.0;
				TARGETED_DEVICE_FAMILY = "1,2";
			};
			name = Release;
		};
/* End XCBuildConfiguration section */

/* Begin XCConfigurationList section */
		39AE757026B29B4F0010D1F4 /* Build configuration list for PBXProject "HaneulBori_Taewoo" */ = {
			isa = XCConfigurationList;
			buildConfigurations = (
				39AE758726B29B500010D1F4 /* Debug */,
				39AE758826B29B500010D1F4 /* Release */,
			);
			defaultConfigurationIsVisible = 0;
			defaultConfigurationName = Release;
		};
		39AE758926B29B500010D1F4 /* Build configuration list for PBXNativeTarget "HaneulBori_Taewoo" */ = {
			isa = XCConfigurationList;
			buildConfigurations = (
				39AE758A26B29B500010D1F4 /* Debug */,
				39AE758B26B29B500010D1F4 /* Release */,
			);
			defaultConfigurationIsVisible = 0;
			defaultConfigurationName = Release;
		};
/* End XCConfigurationList section */
	};
	rootObject = 39AE756D26B29B4F0010D1F4 /* Project object */;
}
